
Microsoft Visual Studio Solution File, Format Version 12.00
# Visual Studio Version 16
VisualStudioVersion = 16.0.30413.136
MinimumVisualStudioVersion = 10.0.40219.1
Project("{888888A0-9F3D-457C-B088-3A5042F75D52}") = "SOTD_Animation", "SOTD_Animation.pyproj", "{9682A72F-B7CE-49E5-AEFB-F005B4C9CE8F}"
EndProject
Global
	GlobalSection(SolutionConfigurationPlatforms) = preSolution
		Debug|Any CPU = Debug|Any CPU
		Release|Any CPU = Release|Any CPU
	EndGlobalSection
	GlobalSection(ProjectConfigurationPlatforms) = postSolution
		{9682A72F-B7CE-49E5-AEFB-F005B4C9CE8F}.Debug|Any CPU.ActiveCfg = Debug|Any CPU
		{9682A72F-B7CE-49E5-AEFB-F005B4C9CE8F}.Release|Any CPU.ActiveCfg = Release|Any CPU
	EndGlobalSection
	GlobalSection(SolutionProperties) = preSolution
		HideSolutionNode = FALSE
	EndGlobalSection
	GlobalSection(ExtensibilityGlobals) = postSolution
		SolutionGuid = {B2202480-659B-4162-84F5-CB71628A2E8E}
	EndGlobalSection
EndGlobal
